
Microsoft Visual Studio Solution File, Format Version 12.00
# Visual Studio Version 17
VisualStudioVersion = 17.6.33829.357
MinimumVisualStudioVersion = 10.0.40219.1
Project("{FAE04EC0-301F-11D3-BF4B-00C04F79EFBC}") = "A2", "A2.csproj", "{6BDCFD74-EB22-4968-A388-E8EB58DF7CFF}"
EndProject
Global
	GlobalSection(SolutionConfigurationPlatforms) = preSolution
		Debug|Any CPU = Debug|Any CPU
		Release|Any CPU = Release|Any CPU
	EndGlobalSection
	GlobalSection(ProjectConfigurationPlatforms) = postSolution
		{6BDCFD74-EB22-4968-A388-E8EB58DF7CFF}.Debug|Any CPU.ActiveCfg = Debug|Any CPU
		{6BDCFD74-EB22-4968-A388-E8EB58DF7CFF}.Debug|Any CPU.Build.0 = Debug|Any CPU
		{6BDCFD74-EB22-4968-A388-E8EB58DF7CFF}.Release|Any CPU.ActiveCfg = Release|Any CPU
		{6BDCFD74-EB22-4968-A388-E8EB58DF7CFF}.Release|Any CPU.Build.0 = Release|Any CPU
	EndGlobalSection
	GlobalSection(SolutionProperties) = preSolution
		HideSolutionNode = FALSE
	EndGlobalSection
	GlobalSection(ExtensibilityGlobals) = postSolution
		SolutionGuid = {34FF443C-DDC3-4332-BAAD-7AEBFC3BE105}
	EndGlobalSection
EndGlobal
